NeoBundleLock Colour-Sampler-Pack 05cded87b2ef29aaa9e930230bb88e23abff4441
NeoBundleLock Gist.vim e96c1f2a4d6f9f7e9c9a9fd983512b2a9c77250e
NeoBundleLock ScrollColors 2ce50b9e0d811456b7627cf81197ea9d68f9e667
NeoBundleLock YankRing.vim a884f3a161fa3cd8c996eb53a3d1c68631f60c21
NeoBundleLock ctrlp.vim b5d3fe66a58a13d2ff8b6391f4387608496a030f
NeoBundleLock html5.vim 40e924c9f333609e8c5b0bbf30775281e1cd9ccf
NeoBundleLock neobundle.vim e4e6766e7bbcac9b7048ee247f02af9020b9df29
NeoBundleLock neocomplcache.vim 778181767467b8f8016828898779a646074d883a
NeoBundleLock nerdcommenter 6549cfde45339bd4f711504196ff3e8b766ef5e6
NeoBundleLock python-mode 601d16cc267e20150f2f1ff8a2ea00c0bff00203
NeoBundleLock rainbow_parentheses.vim eb8baa5428bde10ecc1cb14eed1d6e16f5f24695
NeoBundleLock rust.vim 2450ecf3091cc7c2711ca9f00eae8e3bedd04376
NeoBundleLock sparkup 48f59e161a55e77114dedca128cf3bde6f14aa24
NeoBundleLock supertab c8bfeceb1fc92ad58f2ae6967cbfcd6fbcb0d6e7
NeoBundleLock syntastic 5429d24a59d7f48494419ff224123e562374645f
NeoBundleLock vim-airline 13ee9f456ac1a7d9e427874c7a6981c2461a6c4d
NeoBundleLock vim-clang-format d90af92d8877eac8f9baad1ba8821c092d30ec3b
NeoBundleLock vim-coffee-script 32fe889b8cafd3a4921ef8e6485156453ff58c42
NeoBundleLock vim-css-color ceb028b27eae0550533501b1f02cb512a482ba85
NeoBundleLock vim-css3-syntax 73ba250fa1a55ed0f3725e20b4d8fcb23c1db7b8
NeoBundleLock vim-dispatch 06af3287fb5df1f955345d7b381c7142a80bccb0
NeoBundleLock vim-easymotion 2a2cf14bc7d0bee7ac759970b17919d4ed076831
NeoBundleLock vim-fish 825853f4816a07e59ea2ecee1190ab6a5d9ef991
NeoBundleLock vim-fugitive 7c4a90614792cf4b74e0f3386cc6b14046419312
NeoBundleLock vim-golang e6d0c6a72a66af2674b96233c4747661e0f47a8c
NeoBundleLock vim-haml 204e32721154766e03e99ff857bc798aa5b741dc
NeoBundleLock vim-indent-guides 4895e860258cd24c975255ef459af4b956107557
NeoBundleLock vim-javascript bab4f3944fb6ef0953991ddfb6c734219c95b83a
NeoBundleLock vim-localvimrc 2c226882307c07ecebb978b807e4dec881bf35ba
NeoBundleLock vim-markdown 409c37b205afa2f9d590e23de8171482d66770e2
NeoBundleLock vim-multiple-cursors 3199d34f57e1e20d2dd807b31a5a72d7f7d42e96
NeoBundleLock vim-operator-user c3dfd41c1ed516b4b901c97562e644de62c367aa
NeoBundleLock vim-puppet d881b93dc4a8ed1374ad44439aeeb47808a6b91a
NeoBundleLock vim-ruby 25a5188138aedd1b90ceb0ed6d1ab3f8fa03de8e
NeoBundleLock vim-sleuth a17462708aa40a7fc0afd4effa559087d8a2c908
NeoBundleLock vim-trailing-whitespace d4ad27de051848e544e360482bdf076b154de0c1
NeoBundleLock vimproc.vim 6b8b3c724e161f39c0938046a2072f9668fc802b
NeoBundleLock vimshell 3787e52766812d8b99a93ccdda57517bc2a0bab6
