NeoBundleLock Colour-Sampler-Pack 05cded87b2ef29aaa9e930230bb88e23abff4441
NeoBundleLock ScrollColors 2ce50b9e0d811456b7627cf81197ea9d68f9e667
NeoBundleLock alchemist.vim 40308b6699a87804b7da020e0a2c3b489cbf253c
NeoBundleLock ctrlp.vim b9fa920b4abbb54799927a3bc57869fdd556321a
NeoBundleLock minibufexpl.vim ad72976ca3df4585d49aa296799f14f3b34cf953
NeoBundleLock neobundle.vim 30c40ccbfc6371fb922eece6e0657eb5da9e479b
NeoBundleLock neocomplete 1b99b4c43ddf70cd0a2008425f8920f8113e4cbb
NeoBundleLock neosnippet 9492fbb7e9016243af3c1987b91f0bffcf4cc8e7
NeoBundleLock neosnippet-snippets 4d25b4352738ecf34e56701d0172d80daa3bd287
NeoBundleLock nerdcommenter c3d6a2069bb0286c9633fbbffb4983797f7b8822
NeoBundleLock syntastic a16b4e0aeb16bc83c8d5b881bcaa27c5d77662d4
NeoBundleLock vim-airline 4d0c4f6b1e3fee30873b0c9734fbe83f4d74b81c
NeoBundleLock vim-coffee-script 0f4bd9776cfd0fd2a394a4b1991630698e4fdc2d
NeoBundleLock vim-elixir 7bdcb15e1b71f300bb9cca2c63f76e377a36a6c1
NeoBundleLock vim-go 2db19ffd2d1f43e2907b594d48ff780c05938a4d
NeoBundleLock vim-javascript 26c7330de100eb1d1809858358c2ccd5b2a74078
NeoBundleLock vim-multiple-cursors 51d0717f63cc231f11b4b63ee5b611f589dce1b3
NeoBundleLock vim-sleuth a17462708aa40a7fc0afd4effa559087d8a2c908
NeoBundleLock vim-yankstack 157a659c1b101c899935d961774fb5c8f0775370
NeoBundleLock yankring.vim 28854abef8fa4ebd3cb219aefcf22566997d8f65
