[{"repo": "fish-bundles/root-bundle-fish-bundle", "commit": "6b649879bf66a02815969dfa1e3022e385cb1cf0", "version": "0.1.3", "zip": "https://api.github.com/repos/fish-bundles/root-bundle-fish-bundle/zipball/0.1.3"}, {"repo": "heynemann/git-support-fish-bundle", "commit": "37395831e90e4e485eb7ee80c2012d8d4644640f", "version": "0.1.1", "zip": "https://api.github.com/repos/heynemann/git-support-fish-bundle/zipball/0.1.1"}]